{
  "name": "d",
  "version": "1.0.0",
  "lockfileVersion": 2,
  "requires": true,
  "packages": {
    "": {
      "name": "d",
      "version": "1.0.0",
      "license": "ISC",
      "dependencies": {
        "amrToMp3": "^2.0.0",
        "ffmpeg-static": "^5.0.0"
      }
    },
    "node_modules/@derhuerst/http-basic": {
      "version": "8.2.2",
      "resolved": "https://registry.npmjs.org/@derhuerst/http-basic/-/http-basic-8.2.2.tgz",
      "integrity": "sha512-ek065nW95mleLHo8vZ+ob7QTQPNOwDEjCe27BX2flme/UTu9z2mD1uRRPko38u7al4tTZADMtozpll8PQHAZgg==",
      "dependencies": {
        "caseless": "^0.12.0",
        "concat-stream": "^1.6.2",
        "http-response-object": "^3.0.1",
        "parse-cache-control": "^1.0.1"
      },
      "engines": {
        "node": ">=6.0.0"
      }
    },
    "node_modules/@types/node": {
      "version": "10.17.60",
      "resolved": "https://registry.npmjs.org/@types/node/-/node-10.17.60.tgz",
      "integrity": "sha512-F0KIgDJfy2nA3zMLmWGKxcH2ZVEtCZXHHdOQs2gSaQ27+lNeEfGxzkIw90aXswATX7AZ33tahPbzy6KAfUreVw=="
    },
    "node_modules/agent-base": {
      "version": "6.0.2",
      "resolved": "https://registry.npmjs.org/agent-base/-/agent-base-6.0.2.tgz",
      "integrity": "sha512-RZNwNclF7+MS/8bDg70amg32dyeZGZxiDuQmZxKLAlQjr3jGyLx+4Kkk58UO7D2QdgFIQCovuSuZESne6RG6XQ==",
      "dependencies": {
        "debug": "4"
      },
      "engines": {
        "node": ">= 6.0.0"
      }
    },
    "node_modules/amrToMp3": {
      "version": "2.0.0",
      "resolved": "https://registry.npmjs.org/amrToMp3/-/amrToMp3-2.0.0.tgz",
      "integrity": "sha512-F1ZYWXazsC/nhjkinn3x7lq/b2+TXEO5IoMuyb62RMrV9tESVg1FdhgydnWyCIDSk9E2qRcMfB3hvzUaw3BfhA==",
      "dependencies": {
        "ffmpeg-static": "^4.2.7"
      }
    },
    "node_modules/amrToMp3/node_modules/ffmpeg-static": {
      "version": "4.4.1",
      "resolved": "https://registry.npmjs.org/ffmpeg-static/-/ffmpeg-static-4.4.1.tgz",
      "integrity": "sha512-gyGTIf5kgmLDmH7Rwj8vMmNK46bjXKKofHS2gY+LUqoTe/iybVuTuvnhJQR2tZHlKlDG7A/BIH7cRa2jWDKgWw==",
      "hasInstallScript": true,
      "dependencies": {
        "@derhuerst/http-basic": "^8.2.0",
        "env-paths": "^2.2.0",
        "https-proxy-agent": "^5.0.0",
        "progress": "^2.0.3"
      },
      "engines": {
        "node": ">=10"
      }
    },
    "node_modules/buffer-from": {
      "version": "1.1.2",
      "resolved": "https://registry.npmjs.org/buffer-from/-/buffer-from-1.1.2.tgz",
      "integrity": "sha512-E+XQCRwSbaaiChtv6k6Dwgc+bx+Bs6vuKJHHl5kox/BaKbhiXzqQOwK4cO22yElGp2OCmjwVhT3HmxgyPGnJfQ=="
    },
    "node_modules/caseless": {
      "version": "0.12.0",
      "resolved": "https://registry.npmjs.org/caseless/-/caseless-0.12.0.tgz",
      "integrity": "sha1-G2gcIf+EAzyCZUMJBolCDRhxUdw="
    },
    "node_modules/concat-stream": {
      "version": "1.6.2",
      "resolved": "https://registry.npmjs.org/concat-stream/-/concat-stream-1.6.2.tgz",
      "integrity": "sha512-27HBghJxjiZtIk3Ycvn/4kbJk/1uZuJFfuPEns6LaEvpvG1f0hTea8lilrouyo9mVc2GWdcEZ8OLoGmSADlrCw==",
      "engines": [
        "node >= 0.8"
      ],
      "dependencies": {
        "buffer-from": "^1.0.0",
        "inherits": "^2.0.3",
        "readable-stream": "^2.2.2",
        "typedarray": "^0.0.6"
      }
    },
    "node_modules/core-util-is": {
      "version": "1.0.3",
      "resolved": "https://registry.npmjs.org/core-util-is/-/core-util-is-1.0.3.tgz",
      "integrity": "sha512-ZQBvi1DcpJ4GDqanjucZ2Hj3wEO5pZDS89BWbkcrvdxksJorwUDDZamX9ldFkp9aw2lmBDLgkObEA4DWNJ9FYQ=="
    },
    "node_modules/debug": {
      "version": "4.3.4",
      "resolved": "https://registry.npmjs.org/debug/-/debug-4.3.4.tgz",
      "integrity": "sha512-PRWFHuSU3eDtQJPvnNY7Jcket1j0t5OuOsFzPPzsekD52Zl8qUfFIPEiswXqIvHWGVHOgX+7G/vCNNhehwxfkQ==",
      "dependencies": {
        "ms": "2.1.2"
      },
      "engines": {
        "node": ">=6.0"
      },
      "peerDependenciesMeta": {
        "supports-color": {
          "optional": true
        }
      }
    },
    "node_modules/env-paths": {
      "version": "2.2.1",
      "resolved": "https://registry.npmjs.org/env-paths/-/env-paths-2.2.1.tgz",
      "integrity": "sha512-+h1lkLKhZMTYjog1VEpJNG7NZJWcuc2DDk/qsqSTRRCOXiLjeQ1d1/udrUGhqMxUgAlwKNZ0cf2uqan5GLuS2A==",
      "engines": {
        "node": ">=6"
      }
    },
    "node_modules/ffmpeg-static": {
      "version": "5.0.0",
      "resolved": "https://registry.npmjs.org/ffmpeg-static/-/ffmpeg-static-5.0.0.tgz",
      "integrity": "sha512-z96jGVa8uCVMnyrTvbDZe0d5zbvIVQnfBN+vKDZoVK+ssYpfUJGEmo2DkuY43CA9Ytlsk+5ZVTFTqzvKw1gSaA==",
      "hasInstallScript": true,
      "dependencies": {
        "@derhuerst/http-basic": "^8.2.0",
        "env-paths": "^2.2.0",
        "https-proxy-agent": "^5.0.0",
        "progress": "^2.0.3"
      },
      "engines": {
        "node": ">=16"
      }
    },
    "node_modules/http-response-object": {
      "version": "3.0.2",
      "resolved": "https://registry.npmjs.org/http-response-object/-/http-response-object-3.0.2.tgz",
      "integrity": "sha512-bqX0XTF6fnXSQcEJ2Iuyr75yVakyjIDCqroJQ/aHfSdlM743Cwqoi2nDYMzLGWUcuTWGWy8AAvOKXTfiv6q9RA==",
      "dependencies": {
        "@types/node": "^10.0.3"
      }
    },
    "node_modules/https-proxy-agent": {
      "version": "5.0.0",
      "resolved": "https://registry.npmjs.org/https-proxy-agent/-/https-proxy-agent-5.0.0.tgz",
      "integrity": "sha512-EkYm5BcKUGiduxzSt3Eppko+PiNWNEpa4ySk9vTC6wDsQJW9rHSa+UhGNJoRYp7bz6Ht1eaRIa6QaJqO5rCFbA==",
      "dependencies": {
        "agent-base": "6",
        "debug": "4"
      },
      "engines": {
        "node": ">= 6"
      }
    },
    "node_modules/inherits": {
      "version": "2.0.4",
      "resolved": "https://registry.npmjs.org/inherits/-/inherits-2.0.4.tgz",
      "integrity": "sha512-k/vGaX4/Yla3WzyMCvTQOXYeIHvqOKtnqBduzTHpzpQZzAskKMhZ2K+EnBiSM9zGSoIFeMpXKxa4dYeZIQqewQ=="
    },
    "node_modules/isarray": {
      "version": "1.0.0",
      "resolved": "https://registry.npmjs.org/isarray/-/isarray-1.0.0.tgz",
      "integrity": "sha1-u5NdSFgsuhaMBoNJV6VKPgcSTxE="
    },
    "node_modules/ms": {
      "version": "2.1.2",
      "resolved": "https://registry.npmjs.org/ms/-/ms-2.1.2.tgz",
      "integrity": "sha512-sGkPx+VjMtmA6MX27oA4FBFELFCZZ4S4XqeGOXCv68tT+jb3vk/RyaKWP0PTKyWtmLSM0b+adUTEvbs1PEaH2w=="
    },
    "node_modules/parse-cache-control": {
      "version": "1.0.1",
      "resolved": "https://registry.npmjs.org/parse-cache-control/-/parse-cache-control-1.0.1.tgz",
      "integrity": "sha1-juqz5U+laSD+Fro493+iGqzC104="
    },
    "node_modules/process-nextick-args": {
      "version": "2.0.1",
      "resolved": "https://registry.npmjs.org/process-nextick-args/-/process-nextick-args-2.0.1.tgz",
      "integrity": "sha512-3ouUOpQhtgrbOa17J7+uxOTpITYWaGP7/AhoR3+A+/1e9skrzelGi/dXzEYyvbxubEF6Wn2ypscTKiKJFFn1ag=="
    },
    "node_modules/progress": {
      "version": "2.0.3",
      "resolved": "https://registry.npmjs.org/progress/-/progress-2.0.3.tgz",
      "integrity": "sha512-7PiHtLll5LdnKIMw100I+8xJXR5gW2QwWYkT6iJva0bXitZKa/XMrSbdmg3r2Xnaidz9Qumd0VPaMrZlF9V9sA==",
      "engines": {
        "node": ">=0.4.0"
      }
    },
    "node_modules/readable-stream": {
      "version": "2.3.7",
      "resolved": "https://registry.npmjs.org/readable-stream/-/readable-stream-2.3.7.tgz",
      "integrity": "sha512-Ebho8K4jIbHAxnuxi7o42OrZgF/ZTNcsZj6nRKyUmkhLFq8CHItp/fy6hQZuZmP/n3yZ9VBUbp4zz/mX8hmYPw==",
      "dependencies": {
        "core-util-is": "~1.0.0",
        "inherits": "~2.0.3",
        "isarray": "~1.0.0",
        "process-nextick-args": "~2.0.0",
        "safe-buffer": "~5.1.1",
        "string_decoder": "~1.1.1",
        "util-deprecate": "~1.0.1"
      }
    },
    "node_modules/safe-buffer": {
      "version": "5.1.2",
      "resolved": "https://registry.npmjs.org/safe-buffer/-/safe-buffer-5.1.2.tgz",
      "integrity": "sha512-Gd2UZBJDkXlY7GbJxfsE8/nvKkUEU1G38c1siN6QP6a9PT9MmHB8GnpscSmMJSoF8LOIrt8ud/wPtojys4G6+g=="
    },
    "node_modules/string_decoder": {
      "version": "1.1.1",
      "resolved": "https://registry.npmjs.org/string_decoder/-/string_decoder-1.1.1.tgz",
      "integrity": "sha512-n/ShnvDi6FHbbVfviro+WojiFzv+s8MPMHBczVePfUpDJLwoLT0ht1l4YwBCbi8pJAveEEdnkHyPyTP/mzRfwg==",
      "dependencies": {
        "safe-buffer": "~5.1.0"
      }
    },
    "node_modules/typedarray": {
      "version": "0.0.6",
      "resolved": "https://registry.npmjs.org/typedarray/-/typedarray-0.0.6.tgz",
      "integrity": "sha1-hnrHTjhkGHsdPUfZlqeOxciDB3c="
    },
    "node_modules/util-deprecate": {
      "version": "1.0.2",
      "resolved": "https://registry.npmjs.org/util-deprecate/-/util-deprecate-1.0.2.tgz",
      "integrity": "sha1-RQ1Nyfpw3nMnYvvS1KKJgUGaDM8="
    }
  },
  "dependencies": {
    "@derhuerst/http-basic": {
      "version": "8.2.2",
      "resolved": "https://registry.npmjs.org/@derhuerst/http-basic/-/http-basic-8.2.2.tgz",
      "integrity": "sha512-ek065nW95mleLHo8vZ+ob7QTQPNOwDEjCe27BX2flme/UTu9z2mD1uRRPko38u7al4tTZADMtozpll8PQHAZgg==",
      "requires": {
        "caseless": "^0.12.0",
        "concat-stream": "^1.6.2",
        "http-response-object": "^3.0.1",
        "parse-cache-control": "^1.0.1"
      }
    },
    "@types/node": {
      "version": "10.17.60",
      "resolved": "https://registry.npmjs.org/@types/node/-/node-10.17.60.tgz",
      "integrity": "sha512-F0KIgDJfy2nA3zMLmWGKxcH2ZVEtCZXHHdOQs2gSaQ27+lNeEfGxzkIw90aXswATX7AZ33tahPbzy6KAfUreVw=="
    },
    "agent-base": {
      "version": "6.0.2",
      "resolved": "https://registry.npmjs.org/agent-base/-/agent-base-6.0.2.tgz",
      "integrity": "sha512-RZNwNclF7+MS/8bDg70amg32dyeZGZxiDuQmZxKLAlQjr3jGyLx+4Kkk58UO7D2QdgFIQCovuSuZESne6RG6XQ==",
      "requires": {
        "debug": "4"
      }
    },
    "amrToMp3": {
      "version": "2.0.0",
      "resolved": "https://registry.npmjs.org/amrToMp3/-/amrToMp3-2.0.0.tgz",
      "integrity": "sha512-F1ZYWXazsC/nhjkinn3x7lq/b2+TXEO5IoMuyb62RMrV9tESVg1FdhgydnWyCIDSk9E2qRcMfB3hvzUaw3BfhA==",
      "requires": {
        "ffmpeg-static": "^4.2.7"
      },
      "dependencies": {
        "ffmpeg-static": {
          "version": "4.4.1",
          "resolved": "https://registry.npmjs.org/ffmpeg-static/-/ffmpeg-static-4.4.1.tgz",
          "integrity": "sha512-gyGTIf5kgmLDmH7Rwj8vMmNK46bjXKKofHS2gY+LUqoTe/iybVuTuvnhJQR2tZHlKlDG7A/BIH7cRa2jWDKgWw==",
          "requires": {
            "@derhuerst/http-basic": "^8.2.0",
            "env-paths": "^2.2.0",
            "https-proxy-agent": "^5.0.0",
            "progress": "^2.0.3"
          }
        }
      }
    },
    "buffer-from": {
      "version": "1.1.2",
      "resolved": "https://registry.npmjs.org/buffer-from/-/buffer-from-1.1.2.tgz",
      "integrity": "sha512-E+XQCRwSbaaiChtv6k6Dwgc+bx+Bs6vuKJHHl5kox/BaKbhiXzqQOwK4cO22yElGp2OCmjwVhT3HmxgyPGnJfQ=="
    },
    "caseless": {
      "version": "0.12.0",
      "resolved": "https://registry.npmjs.org/caseless/-/caseless-0.12.0.tgz",
      "integrity": "sha1-G2gcIf+EAzyCZUMJBolCDRhxUdw="
    },
    "concat-stream": {
      "version": "1.6.2",
      "resolved": "https://registry.npmjs.org/concat-stream/-/concat-stream-1.6.2.tgz",
      "integrity": "sha512-27HBghJxjiZtIk3Ycvn/4kbJk/1uZuJFfuPEns6LaEvpvG1f0hTea8lilrouyo9mVc2GWdcEZ8OLoGmSADlrCw==",
      "requires": {
        "buffer-from": "^1.0.0",
        "inherits": "^2.0.3",
        "readable-stream": "^2.2.2",
        "typedarray": "^0.0.6"
      }
    },
    "core-util-is": {
      "version": "1.0.3",
      "resolved": "https://registry.npmjs.org/core-util-is/-/core-util-is-1.0.3.tgz",
      "integrity": "sha512-ZQBvi1DcpJ4GDqanjucZ2Hj3wEO5pZDS89BWbkcrvdxksJorwUDDZamX9ldFkp9aw2lmBDLgkObEA4DWNJ9FYQ=="
    },
    "debug": {
      "version": "4.3.4",
      "resolved": "https://registry.npmjs.org/debug/-/debug-4.3.4.tgz",
      "integrity": "sha512-PRWFHuSU3eDtQJPvnNY7Jcket1j0t5OuOsFzPPzsekD52Zl8qUfFIPEiswXqIvHWGVHOgX+7G/vCNNhehwxfkQ==",
      "requires": {
        "ms": "2.1.2"
      }
    },
    "env-paths": {
      "version": "2.2.1",
      "resolved": "https://registry.npmjs.org/env-paths/-/env-paths-2.2.1.tgz",
      "integrity": "sha512-+h1lkLKhZMTYjog1VEpJNG7NZJWcuc2DDk/qsqSTRRCOXiLjeQ1d1/udrUGhqMxUgAlwKNZ0cf2uqan5GLuS2A=="
    },
    "ffmpeg-static": {
      "version": "5.0.0",
      "resolved": "https://registry.npmjs.org/ffmpeg-static/-/ffmpeg-static-5.0.0.tgz",
      "integrity": "sha512-z96jGVa8uCVMnyrTvbDZe0d5zbvIVQnfBN+vKDZoVK+ssYpfUJGEmo2DkuY43CA9Ytlsk+5ZVTFTqzvKw1gSaA==",
      "requires": {
        "@derhuerst/http-basic": "^8.2.0",
        "env-paths": "^2.2.0",
        "https-proxy-agent": "^5.0.0",
        "progress": "^2.0.3"
      }
    },
    "http-response-object": {
      "version": "3.0.2",
      "resolved": "https://registry.npmjs.org/http-response-object/-/http-response-object-3.0.2.tgz",
      "integrity": "sha512-bqX0XTF6fnXSQcEJ2Iuyr75yVakyjIDCqroJQ/aHfSdlM743Cwqoi2nDYMzLGWUcuTWGWy8AAvOKXTfiv6q9RA==",
      "requires": {
        "@types/node": "^10.0.3"
      }
    },
    "https-proxy-agent": {
      "version": "5.0.0",
      "resolved": "https://registry.npmjs.org/https-proxy-agent/-/https-proxy-agent-5.0.0.tgz",
      "integrity": "sha512-EkYm5BcKUGiduxzSt3Eppko+PiNWNEpa4ySk9vTC6wDsQJW9rHSa+UhGNJoRYp7bz6Ht1eaRIa6QaJqO5rCFbA==",
      "requires": {
        "agent-base": "6",
        "debug": "4"
      }
    },
    "inherits": {
      "version": "2.0.4",
      "resolved": "https://registry.npmjs.org/inherits/-/inherits-2.0.4.tgz",
      "integrity": "sha512-k/vGaX4/Yla3WzyMCvTQOXYeIHvqOKtnqBduzTHpzpQZzAskKMhZ2K+EnBiSM9zGSoIFeMpXKxa4dYeZIQqewQ=="
    },
    "isarray": {
      "version": "1.0.0",
      "resolved": "https://registry.npmjs.org/isarray/-/isarray-1.0.0.tgz",
      "integrity": "sha1-u5NdSFgsuhaMBoNJV6VKPgcSTxE="
    },
    "ms": {
      "version": "2.1.2",
      "resolved": "https://registry.npmjs.org/ms/-/ms-2.1.2.tgz",
      "integrity": "sha512-sGkPx+VjMtmA6MX27oA4FBFELFCZZ4S4XqeGOXCv68tT+jb3vk/RyaKWP0PTKyWtmLSM0b+adUTEvbs1PEaH2w=="
    },
    "parse-cache-control": {
      "version": "1.0.1",
      "resolved": "https://registry.npmjs.org/parse-cache-control/-/parse-cache-control-1.0.1.tgz",
      "integrity": "sha1-juqz5U+laSD+Fro493+iGqzC104="
    },
    "process-nextick-args": {
      "version": "2.0.1",
      "resolved": "https://registry.npmjs.org/process-nextick-args/-/process-nextick-args-2.0.1.tgz",
      "integrity": "sha512-3ouUOpQhtgrbOa17J7+uxOTpITYWaGP7/AhoR3+A+/1e9skrzelGi/dXzEYyvbxubEF6Wn2ypscTKiKJFFn1ag=="
    },
    "progress": {
      "version": "2.0.3",
      "resolved": "https://registry.npmjs.org/progress/-/progress-2.0.3.tgz",
      "integrity": "sha512-7PiHtLll5LdnKIMw100I+8xJXR5gW2QwWYkT6iJva0bXitZKa/XMrSbdmg3r2Xnaidz9Qumd0VPaMrZlF9V9sA=="
    },
    "readable-stream": {
      "version": "2.3.7",
      "resolved": "https://registry.npmjs.org/readable-stream/-/readable-stream-2.3.7.tgz",
      "integrity": "sha512-Ebho8K4jIbHAxnuxi7o42OrZgF/ZTNcsZj6nRKyUmkhLFq8CHItp/fy6hQZuZmP/n3yZ9VBUbp4zz/mX8hmYPw==",
      "requires": {
        "core-util-is": "~1.0.0",
        "inherits": "~2.0.3",
        "isarray": "~1.0.0",
        "process-nextick-args": "~2.0.0",
        "safe-buffer": "~5.1.1",
        "string_decoder": "~1.1.1",
        "util-deprecate": "~1.0.1"
      }
    },
    "safe-buffer": {
      "version": "5.1.2",
      "resolved": "https://registry.npmjs.org/safe-buffer/-/safe-buffer-5.1.2.tgz",
      "integrity": "sha512-Gd2UZBJDkXlY7GbJxfsE8/nvKkUEU1G38c1siN6QP6a9PT9MmHB8GnpscSmMJSoF8LOIrt8ud/wPtojys4G6+g=="
    },
    "string_decoder": {
      "version": "1.1.1",
      "resolved": "https://registry.npmjs.org/string_decoder/-/string_decoder-1.1.1.tgz",
      "integrity": "sha512-n/ShnvDi6FHbbVfviro+WojiFzv+s8MPMHBczVePfUpDJLwoLT0ht1l4YwBCbi8pJAveEEdnkHyPyTP/mzRfwg==",
      "requires": {
        "safe-buffer": "~5.1.0"
      }
    },
    "typedarray": {
      "version": "0.0.6",
      "resolved": "https://registry.npmjs.org/typedarray/-/typedarray-0.0.6.tgz",
      "integrity": "sha1-hnrHTjhkGHsdPUfZlqeOxciDB3c="
    },
    "util-deprecate": {
      "version": "1.0.2",
      "resolved": "https://registry.npmjs.org/util-deprecate/-/util-deprecate-1.0.2.tgz",
      "integrity": "sha1-RQ1Nyfpw3nMnYvvS1KKJgUGaDM8="
    }
  }
}
